
Microsoft Visual Studio Solution File, Format Version 12.00
# Visual Studio 14
VisualStudioVersion = 14.0.24720.0
MinimumVisualStudioVersion = 10.0.40219.1
Project("{8BC9CEB8-8B4A-11D0-8D11-00A0C91BC942}") = "ContextConsoleViaSDL", "ContextConsoleViaSDL\ContextConsoleViaSDL.vcxproj", "{901F9CB4-FA7A-49BE-A1BB-4E154B246072}"
EndProject
Project("{8BC9CEB8-8B4A-11D0-8D11-00A0C91BC942}") = "ContextConsoleViaGLFW", "ContextConsoleViaGLFW\ContextConsoleViaGLFW.vcxproj", "{489A050C-A0A4-48D8-B947-81A0E5619915}"
EndProject
Project("{8BC9CEB8-8B4A-11D0-8D11-00A0C91BC942}") = "ContextConsoleSFML", "ContextConsoleSFML\ContextConsoleSFML.vcxproj", "{B6151E95-0368-4D50-8F15-665E04EDBE2E}"
EndProject
Global
	GlobalSection(SolutionConfigurationPlatforms) = preSolution
		Debug|x64 = Debug|x64
		Debug|x86 = Debug|x86
		Release|x64 = Release|x64
		Release|x86 = Release|x86
	EndGlobalSection
	GlobalSection(ProjectConfigurationPlatforms) = postSolution
		{901F9CB4-FA7A-49BE-A1BB-4E154B246072}.Debug|x64.ActiveCfg = Debug|x64
		{901F9CB4-FA7A-49BE-A1BB-4E154B246072}.Debug|x64.Build.0 = Debug|x64
		{901F9CB4-FA7A-49BE-A1BB-4E154B246072}.Debug|x86.ActiveCfg = Debug|Win32
		{901F9CB4-FA7A-49BE-A1BB-4E154B246072}.Debug|x86.Build.0 = Debug|Win32
		{901F9CB4-FA7A-49BE-A1BB-4E154B246072}.Release|x64.ActiveCfg = Release|x64
		{901F9CB4-FA7A-49BE-A1BB-4E154B246072}.Release|x64.Build.0 = Release|x64
		{901F9CB4-FA7A-49BE-A1BB-4E154B246072}.Release|x86.ActiveCfg = Release|Win32
		{901F9CB4-FA7A-49BE-A1BB-4E154B246072}.Release|x86.Build.0 = Release|Win32
		{489A050C-A0A4-48D8-B947-81A0E5619915}.Debug|x64.ActiveCfg = Debug|x64
		{489A050C-A0A4-48D8-B947-81A0E5619915}.Debug|x64.Build.0 = Debug|x64
		{489A050C-A0A4-48D8-B947-81A0E5619915}.Debug|x86.ActiveCfg = Debug|Win32
		{489A050C-A0A4-48D8-B947-81A0E5619915}.Debug|x86.Build.0 = Debug|Win32
		{489A050C-A0A4-48D8-B947-81A0E5619915}.Release|x64.ActiveCfg = Release|x64
		{489A050C-A0A4-48D8-B947-81A0E5619915}.Release|x64.Build.0 = Release|x64
		{489A050C-A0A4-48D8-B947-81A0E5619915}.Release|x86.ActiveCfg = Release|Win32
		{489A050C-A0A4-48D8-B947-81A0E5619915}.Release|x86.Build.0 = Release|Win32
		{B6151E95-0368-4D50-8F15-665E04EDBE2E}.Debug|x64.ActiveCfg = Debug|x64
		{B6151E95-0368-4D50-8F15-665E04EDBE2E}.Debug|x64.Build.0 = Debug|x64
		{B6151E95-0368-4D50-8F15-665E04EDBE2E}.Debug|x86.ActiveCfg = Debug|Win32
		{B6151E95-0368-4D50-8F15-665E04EDBE2E}.Debug|x86.Build.0 = Debug|Win32
		{B6151E95-0368-4D50-8F15-665E04EDBE2E}.Release|x64.ActiveCfg = Release|x64
		{B6151E95-0368-4D50-8F15-665E04EDBE2E}.Release|x64.Build.0 = Release|x64
		{B6151E95-0368-4D50-8F15-665E04EDBE2E}.Release|x86.ActiveCfg = Release|Win32
		{B6151E95-0368-4D50-8F15-665E04EDBE2E}.Release|x86.Build.0 = Release|Win32
	EndGlobalSection
	GlobalSection(SolutionProperties) = preSolution
		HideSolutionNode = FALSE
	EndGlobalSection
EndGlobal
